{
  "requires": true,
  "lockfileVersion": 1,
  "dependencies": {
    "cssify": {
      "version": "0.3.0",
      "resolved": "https://registry.npmjs.org/cssify/-/cssify-0.3.0.tgz",
      "integrity": "sha512-XVNFLOpkGMSRJ7p4L2h4zjKEjU3r8u5loaTeYR5MUiHWTqc4BJN3ooboHj7fhNZmC2xqwX5gXUyMuFUHmouHbQ==",
      "requires": {
        "through": "~2.3.4"
      }
    },
    "switchery": {
      "version": "0.0.2",
      "resolved": "https://registry.npmjs.org/switchery/-/switchery-0.0.2.tgz",
      "integrity": "sha512-3T75YdKDzjG8IIngGXyoEklLDU5m8cmRxsany4h1nqoZGjjPULGx8515H2y2yT8jkmAzZ8/siNNak785ievrCg==",
      "requires": {
        "cssify": "~0.3.0"
      }
    },
    "through": {
      "version": "2.3.8",
      "resolved": "https://registry.npmjs.org/through/-/through-2.3.8.tgz",
      "integrity": "sha512-w89qg7PI8wAdvX60bMDP+bFoD5Dvhm9oLheFp5O4a2QF0cSBGsBX4qZmadPMvVqlLJBBci+WqGGOAPvcDeNSVg=="
    }
  }
}
